{
  "object": {
    "pins": [
      {
        "package": "libwebp",
        "repositoryURL": "https://github.com/SDWebImage/libwebp-Xcode",
        "state": {
          "branch": null,
          "revision": "2b3b43faaef54d1b897482428428357b7f7cd08b",
          "version": "1.2.1"
        }
      },
      {
        "package": "PINCache",
        "repositoryURL": "https://github.com/pinterest/PINCache.git",
        "state": {
          "branch": null,
          "revision": "875c654984fb52b47ca65ae70d24852b0003ccd9",
          "version": "3.0.3"
        }
      },
      {
        "package": "PINOperation",
        "repositoryURL": "https://github.com/pinterest/PINOperation.git",
        "state": {
          "branch": null,
          "revision": "44d8ca154a4e75a028a5548c31ff3a53b90cef15",
          "version": "1.2.1"
        }
      },
      {
        "package": "PINRemoteImage",
        "repositoryURL": "https://github.com/pinterest/PINRemoteImage.git",
        "state": {
          "branch": "master",
          "revision": "fb9279b6dcecb8b4d006785de64b7f7c4c40d89e",
          "version": null
        }
      },
      {
        "package": "Texture",
        "repositoryURL": "https://github.com/nickaroot/Texture.git",
        "state": {
          "branch": "spm",
          "revision": "56a1249e60d55afec7011e1f9a0ac229c49cd707",
          "version": null
        }
      }
    ]
  },
  "version": 1
}
